Microsoft Visual Studio Solution File, Format Version 12.00
# Visual Studio 2012
Project("{FAE04EC0-301F-11D3-BF4B-00C04F79EFBC}") = "Mito Godot 4", "Mito Godot 4.csproj", "{155BC175-1E84-4074-A907-7B6E76CAF931}"
EndProject
Global
	GlobalSection(SolutionConfigurationPlatforms) = preSolution
	Debug|Any CPU = Debug|Any CPU
	ExportDebug|Any CPU = ExportDebug|Any CPU
	ExportRelease|Any CPU = ExportRelease|Any CPU
	EndGlobalSection
	GlobalSection(ProjectConfigurationPlatforms) = postSolution
		{155BC175-1E84-4074-A907-7B6E76CAF931}.Debug|Any CPU.ActiveCfg = Debug|Any CPU
		{155BC175-1E84-4074-A907-7B6E76CAF931}.Debug|Any CPU.Build.0 = Debug|Any CPU
		{155BC175-1E84-4074-A907-7B6E76CAF931}.ExportDebug|Any CPU.ActiveCfg = ExportDebug|Any CPU
		{155BC175-1E84-4074-A907-7B6E76CAF931}.ExportDebug|Any CPU.Build.0 = ExportDebug|Any CPU
		{155BC175-1E84-4074-A907-7B6E76CAF931}.ExportRelease|Any CPU.ActiveCfg = ExportRelease|Any CPU
		{155BC175-1E84-4074-A907-7B6E76CAF931}.ExportRelease|Any CPU.Build.0 = ExportRelease|Any CPU
	EndGlobalSection
EndGlobal
